
Microsoft Visual Studio Solution File, Format Version 11.00
# Visual Studio 2010
Project("{8BC9CEB8-8B4A-11D0-8D11-00A0C91BC942}") = "ZWCAD", "ZrxTemplate1\ZrxTemplate1.vcxproj", "{7F684C0F-5D44-4B27-8DA1-9E14A2AB57D8}"
EndProject
Project("{8BC9CEB8-8B4A-11D0-8D11-00A0C91BC942}") = "CustomObjectDB", "CustomObjectDB\CustomObjectDB.vcxproj", "{B2DA1366-31FD-4DF3-97DC-7EF0E70498ED}"
EndProject
Project("{8BC9CEB8-8B4A-11D0-8D11-00A0C91BC942}") = "TriangleEntity", "TriangleEntity\TriangleEntity.vcxproj", "{FCA75087-2FC6-4FB6-AC6F-0279D713CE9A}"
EndProject
Global
	GlobalSection(SolutionConfigurationPlatforms) = preSolution
		Debug|Win32 = Debug|Win32
		Debug|x64 = Debug|x64
		Release|Win32 = Release|Win32
		Release|x64 = Release|x64
	EndGlobalSection
	GlobalSection(ProjectConfigurationPlatforms) = postSolution
		{7F684C0F-5D44-4B27-8DA1-9E14A2AB57D8}.Debug|Win32.ActiveCfg = Debug|Win32
		{7F684C0F-5D44-4B27-8DA1-9E14A2AB57D8}.Debug|Win32.Build.0 = Debug|Win32
		{7F684C0F-5D44-4B27-8DA1-9E14A2AB57D8}.Debug|x64.ActiveCfg = Debug|x64
		{7F684C0F-5D44-4B27-8DA1-9E14A2AB57D8}.Debug|x64.Build.0 = Debug|x64
		{7F684C0F-5D44-4B27-8DA1-9E14A2AB57D8}.Release|Win32.ActiveCfg = Release|Win32
		{7F684C0F-5D44-4B27-8DA1-9E14A2AB57D8}.Release|Win32.Build.0 = Release|Win32
		{7F684C0F-5D44-4B27-8DA1-9E14A2AB57D8}.Release|x64.ActiveCfg = Release|x64
		{7F684C0F-5D44-4B27-8DA1-9E14A2AB57D8}.Release|x64.Build.0 = Release|x64
		{B2DA1366-31FD-4DF3-97DC-7EF0E70498ED}.Debug|Win32.ActiveCfg = Debug|Win32
		{B2DA1366-31FD-4DF3-97DC-7EF0E70498ED}.Debug|Win32.Build.0 = Debug|Win32
		{B2DA1366-31FD-4DF3-97DC-7EF0E70498ED}.Debug|x64.ActiveCfg = Debug|x64
		{B2DA1366-31FD-4DF3-97DC-7EF0E70498ED}.Debug|x64.Build.0 = Debug|x64
		{B2DA1366-31FD-4DF3-97DC-7EF0E70498ED}.Release|Win32.ActiveCfg = Release|Win32
		{B2DA1366-31FD-4DF3-97DC-7EF0E70498ED}.Release|Win32.Build.0 = Release|Win32
		{B2DA1366-31FD-4DF3-97DC-7EF0E70498ED}.Release|x64.ActiveCfg = Release|x64
		{B2DA1366-31FD-4DF3-97DC-7EF0E70498ED}.Release|x64.Build.0 = Release|x64
		{FCA75087-2FC6-4FB6-AC6F-0279D713CE9A}.Debug|Win32.ActiveCfg = Debug|Win32
		{FCA75087-2FC6-4FB6-AC6F-0279D713CE9A}.Debug|Win32.Build.0 = Debug|Win32
		{FCA75087-2FC6-4FB6-AC6F-0279D713CE9A}.Debug|x64.ActiveCfg = Debug|x64
		{FCA75087-2FC6-4FB6-AC6F-0279D713CE9A}.Debug|x64.Build.0 = Debug|x64
		{FCA75087-2FC6-4FB6-AC6F-0279D713CE9A}.Release|Win32.ActiveCfg = Release|Win32
		{FCA75087-2FC6-4FB6-AC6F-0279D713CE9A}.Release|Win32.Build.0 = Release|Win32
		{FCA75087-2FC6-4FB6-AC6F-0279D713CE9A}.Release|x64.ActiveCfg = Release|x64
		{FCA75087-2FC6-4FB6-AC6F-0279D713CE9A}.Release|x64.Build.0 = Release|x64
	EndGlobalSection
	GlobalSection(SolutionProperties) = preSolution
		HideSolutionNode = FALSE
	EndGlobalSection
EndGlobal
