
Microsoft Visual Studio Solution File, Format Version 12.00
# Visual Studio 15
VisualStudioVersion = 15.0.28307.705
MinimumVisualStudioVersion = 10.0.40219.1
Project("{8BC9CEB8-8B4A-11D0-8D11-00A0C91BC942}") = "ZrxTemplate1", "ZrxTemplate1\ZrxTemplate1.vcxproj", "{7F684C0F-5D44-4B27-8DA1-9E14A2AB57D8}"
EndProject
Global
	GlobalSection(SolutionConfigurationPlatforms) = preSolution
		Debug|x64 = Debug|x64
		Debug|x86 = Debug|x86
		Release|x64 = Release|x64
		Release|x86 = Release|x86
	EndGlobalSection
	GlobalSection(ProjectConfigurationPlatforms) = postSolution
		{7F684C0F-5D44-4B27-8DA1-9E14A2AB57D8}.Debug|x64.ActiveCfg = Debug|x64
		{7F684C0F-5D44-4B27-8DA1-9E14A2AB57D8}.Debug|x64.Build.0 = Debug|x64
		{7F684C0F-5D44-4B27-8DA1-9E14A2AB57D8}.Debug|x86.ActiveCfg = Debug|Win32
		{7F684C0F-5D44-4B27-8DA1-9E14A2AB57D8}.Debug|x86.Build.0 = Debug|Win32
		{7F684C0F-5D44-4B27-8DA1-9E14A2AB57D8}.Release|x64.ActiveCfg = Release|x64
		{7F684C0F-5D44-4B27-8DA1-9E14A2AB57D8}.Release|x64.Build.0 = Release|x64
		{7F684C0F-5D44-4B27-8DA1-9E14A2AB57D8}.Release|x86.ActiveCfg = Release|Win32
		{7F684C0F-5D44-4B27-8DA1-9E14A2AB57D8}.Release|x86.Build.0 = Release|Win32
	EndGlobalSection
	GlobalSection(SolutionProperties) = preSolution
		HideSolutionNode = FALSE
	EndGlobalSection
	GlobalSection(ExtensibilityGlobals) = postSolution
		SolutionGuid = {2EBDF3DB-399D-4689-9C9E-79D0048F843D}
	EndGlobalSection
EndGlobal
